
Microsoft Visual Studio Solution File, Format Version 12.00
# Visual Studio Version 16
VisualStudioVersion = 16.0.31729.503
MinimumVisualStudioVersion = 10.0.40219.1
Project("{FAE04EC0-301F-11D3-BF4B-00C04F79EFBC}") = "Program", "Program\Program.csproj", "{1952F063-7488-4848-8CA6-32B015FCEB1E}"
EndProject
Global
	GlobalSection(SolutionConfigurationPlatforms) = preSolution
		Debug|Any CPU = Debug|Any CPU
		Release|Any CPU = Release|Any CPU
	EndGlobalSection
	GlobalSection(ProjectConfigurationPlatforms) = postSolution
		{1952F063-7488-4848-8CA6-32B015FCEB1E}.Debug|Any CPU.ActiveCfg = Debug|Any CPU
		{1952F063-7488-4848-8CA6-32B015FCEB1E}.Debug|Any CPU.Build.0 = Debug|Any CPU
		{1952F063-7488-4848-8CA6-32B015FCEB1E}.Release|Any CPU.ActiveCfg = Release|Any CPU
		{1952F063-7488-4848-8CA6-32B015FCEB1E}.Release|Any CPU.Build.0 = Release|Any CPU
	EndGlobalSection
	GlobalSection(SolutionProperties) = preSolution
		HideSolutionNode = FALSE
	EndGlobalSection
	GlobalSection(ExtensibilityGlobals) = postSolution
		SolutionGuid = {F24D8232-6859-4C2E-9630-3AF065A6B2DD}
	EndGlobalSection
EndGlobal
